
Microsoft Visual Studio Solution File, Format Version 12.00
# Visual Studio Version 16
VisualStudioVersion = 16.0.31729.503
MinimumVisualStudioVersion = 10.0.40219.1
Project("{F14B399A-7131-4C87-9E4B-1186C45EF12D}") = "Report Casino", "Report Casino\Report Casino.rptproj", "{ADB014F3-CD6B-4A0C-BF3C-EE8D30B45B9D}"
EndProject
Global
	GlobalSection(SolutionConfigurationPlatforms) = preSolution
		Debug|Default = Debug|Default
		DebugLocal|Default = DebugLocal|Default
		Release|Default = Release|Default
	EndGlobalSection
	GlobalSection(ProjectConfigurationPlatforms) = postSolution
		{ADB014F3-CD6B-4A0C-BF3C-EE8D30B45B9D}.Debug|Default.ActiveCfg = Debug
		{ADB014F3-CD6B-4A0C-BF3C-EE8D30B45B9D}.Debug|Default.Build.0 = Debug
		{ADB014F3-CD6B-4A0C-BF3C-EE8D30B45B9D}.Debug|Default.Deploy.0 = Debug
		{ADB014F3-CD6B-4A0C-BF3C-EE8D30B45B9D}.DebugLocal|Default.ActiveCfg = DebugLocal
		{ADB014F3-CD6B-4A0C-BF3C-EE8D30B45B9D}.DebugLocal|Default.Build.0 = DebugLocal
		{ADB014F3-CD6B-4A0C-BF3C-EE8D30B45B9D}.Release|Default.ActiveCfg = Release
		{ADB014F3-CD6B-4A0C-BF3C-EE8D30B45B9D}.Release|Default.Build.0 = Release
		{ADB014F3-CD6B-4A0C-BF3C-EE8D30B45B9D}.Release|Default.Deploy.0 = Release
	EndGlobalSection
	GlobalSection(SolutionProperties) = preSolution
		HideSolutionNode = FALSE
	EndGlobalSection
	GlobalSection(ExtensibilityGlobals) = postSolution
		SolutionGuid = {0588625B-1104-428C-BB6F-F477973E87EB}
	EndGlobalSection
EndGlobal
